// !$*UTF8*$!
{
	archiveVersion = 1;
	classes = {
	};
	objectVersion = 51;
	objects = {

/* Begin PBXBuildFile section */
		095269A5237A411300A21F35 /* FirstLoginView.swift in Sources */ = {isa = PBXBuildFile; fileRef = 095269A4237A411300A21F35 /* FirstLoginView.swift */; };
		095269A7237A430E00A21F35 /* LoginView.swift in Sources */ = {isa = PBXBuildFile; fileRef = 095269A6237A430E00A21F35 /* LoginView.swift */; };
		095269A9237A5B6E00A21F35 /* NameView.swift in Sources */ = {isa = PBXBuildFile; fileRef = 095269A8237A5B6E00A21F35 /* NameView.swift */; };
		095269AB237A5E6400A21F35 /* EmailView.swift in Sources */ = {isa = PBXBuildFile; fileRef = 095269AA237A5E6400A21F35 /* EmailView.swift */; };
		09DD15D1237BF501002BE8C9 /* ResetView.swift in Sources */ = {isa = PBXBuildFile; fileRef = 09DD15D0237BF501002BE8C9 /* ResetView.swift */; };
		845F4A89237E61E30054BC18 /* HomeFeed.storyboard in Resources */ = {isa = PBXBuildFile; fileRef = 845F4A86237E61E30054BC18 /* HomeFeed.storyboard */; };
		845F4A8A237E61E30054BC18 /* BottomMenuBar.swift in Sources */ = {isa = PBXBuildFile; fileRef = 845F4A87237E61E30054BC18 /* BottomMenuBar.swift */; };
		845F4A8B237E61E30054BC18 /* HomeViewController.swift in Sources */ = {isa = PBXBuildFile; fileRef = 845F4A88237E61E30054BC18 /* HomeViewController.swift */; };
		846C10BA237B96D9001A4BDD /* GoogleService-Info.plist in Resources */ = {isa = PBXBuildFile; fileRef = 846C10B9237B96D9001A4BDD /* GoogleService-Info.plist */; };
		8486A9C42376269200ABB50B /* AppDelegate.swift in Sources */ = {isa = PBXBuildFile; fileRef = 8486A9C32376269200ABB50B /* AppDelegate.swift */; };
		8486A9C62376269200ABB50B /* SceneDelegate.swift in Sources */ = {isa = PBXBuildFile; fileRef = 8486A9C52376269200ABB50B /* SceneDelegate.swift */; };
		8486A9C82376269200ABB50B /* ViewController.swift in Sources */ = {isa = PBXBuildFile; fileRef = 8486A9C72376269200ABB50B /* ViewController.swift */; };
		8486A9CB2376269200ABB50B /* Main.storyboard in Resources */ = {isa = PBXBuildFile; fileRef = 8486A9C92376269200ABB50B /* Main.storyboard */; };
		8486A9CD2376269400ABB50B /* Assets.xcassets in Resources */ = {isa = PBXBuildFile; fileRef = 8486A9CC2376269400ABB50B /* Assets.xcassets */; };
		8486A9D02376269400ABB50B /* LaunchScreen.storyboard in Resources */ = {isa = PBXBuildFile; fileRef = 8486A9CE2376269400ABB50B /* LaunchScreen.storyboard */; };
		84D83E82237E5EBA00B2D140 /* UIStyling.swift in Sources */ = {isa = PBXBuildFile; fileRef = 84D83E81237E5EBA00B2D140 /* UIStyling.swift */; };
		84D83E84237E5EC500B2D140 /* CreateEventController.swift in Sources */ = {isa = PBXBuildFile; fileRef = 84D83E83237E5EC500B2D140 /* CreateEventController.swift */; };
		84D83E86237E5ED800B2D140 /* CreateEvent.storyboard in Resources */ = {isa = PBXBuildFile; fileRef = 84D83E85237E5ED800B2D140 /* CreateEvent.storyboard */; };
		90B68489A7FA15F06D3F15BB /* Pods_Down_.framework in Frameworks */ = {isa = PBXBuildFile; fileRef = 28FF674DFB0DE9169FFD342A /* Pods_Down_.framework */; };
/* End PBXBuildFile section */

/* Begin PBXFileReference section */
		095269A4237A411300A21F35 /* FirstLoginView.swift */ = {isa = PBXFileReference; lastKnownFileType = sourcecode.swift; path = FirstLoginView.swift; sourceTree = "<group>"; };
		095269A6237A430E00A21F35 /* LoginView.swift */ = {isa = PBXFileReference; lastKnownFileType = sourcecode.swift; path = LoginView.swift; sourceTree = "<group>"; };
		095269A8237A5B6E00A21F35 /* NameView.swift */ = {isa = PBXFileReference; lastKnownFileType = sourcecode.swift; path = NameView.swift; sourceTree = "<group>"; };
		095269AA237A5E6400A21F35 /* EmailView.swift */ = {isa = PBXFileReference; lastKnownFileType = sourcecode.swift; path = EmailView.swift; sourceTree = "<group>"; };
		09DD15D0237BF501002BE8C9 /* ResetView.swift */ = {isa = PBXFileReference; lastKnownFileType = sourcecode.swift; path = ResetView.swift; sourceTree = "<group>"; };
		28FF674DFB0DE9169FFD342A /* Pods_Down_.framework */ = {isa = PBXFileReference; explicitFileType = wrapper.framework; includeInIndex = 0; path = Pods_Down_.framework; sourceTree = BUILT_PRODUCTS_DIR; };
		6F4BD3769F55183FE0DC25A5 /* Pods-Down?.debug.xcconfig */ = {isa = PBXFileReference; includeInIndex = 1; lastKnownFileType = text.xcconfig; name = "Pods-Down?.debug.xcconfig"; path = "Target Support Files/Pods-Down?/Pods-Down?.debug.xcconfig"; sourceTree = "<group>"; };
		845F4A86237E61E30054BC18 /* HomeFeed.storyboard */ = {isa = PBXFileReference; fileEncoding = 4; lastKnownFileType = file.storyboard; path = HomeFeed.storyboard; sourceTree = "<group>"; };
		845F4A87237E61E30054BC18 /* BottomMenuBar.swift */ = {isa = PBXFileReference; fileEncoding = 4; lastKnownFileType = sourcecode.swift; path = BottomMenuBar.swift; sourceTree = "<group>"; };
		845F4A88237E61E30054BC18 /* HomeViewController.swift */ = {isa = PBXFileReference; fileEncoding = 4; lastKnownFileType = sourcecode.swift; path = HomeViewController.swift; sourceTree = "<group>"; };
		846C10B9237B96D9001A4BDD /* GoogleService-Info.plist */ = {isa = PBXFileReference; fileEncoding = 4; lastKnownFileType = text.plist.xml; path = "GoogleService-Info.plist"; sourceTree = "<group>"; };
		8486A9C02376269200ABB50B /* Down?.app */ = {isa = PBXFileReference; explicitFileType = wrapper.application; includeInIndex = 0; path = "Down?.app"; sourceTree = BUILT_PRODUCTS_DIR; };
		8486A9C32376269200ABB50B /* AppDelegate.swift */ = {isa = PBXFileReference; lastKnownFileType = sourcecode.swift; path = AppDelegate.swift; sourceTree = "<group>"; };
		8486A9C52376269200ABB50B /* SceneDelegate.swift */ = {isa = PBXFileReference; lastKnownFileType = sourcecode.swift; path = SceneDelegate.swift; sourceTree = "<group>"; };
		8486A9C72376269200ABB50B /* ViewController.swift */ = {isa = PBXFileReference; lastKnownFileType = sourcecode.swift; path = ViewController.swift; sourceTree = "<group>"; };
		8486A9CA2376269200ABB50B /* Base */ = {isa = PBXFileReference; lastKnownFileType = file.storyboard; name = Base; path = Base.lproj/Main.storyboard; sourceTree = "<group>"; };
		8486A9CC2376269400ABB50B /* Assets.xcassets */ = {isa = PBXFileReference; lastKnownFileType = folder.assetcatalog; path = Assets.xcassets; sourceTree = "<group>"; };
		8486A9CF2376269400ABB50B /* Base */ = {isa = PBXFileReference; lastKnownFileType = file.storyboard; name = Base; path = Base.lproj/LaunchScreen.storyboard; sourceTree = "<group>"; };
		8486A9D12376269400ABB50B /* Info.plist */ = {isa = PBXFileReference; lastKnownFileType = text.plist.xml; path = Info.plist; sourceTree = "<group>"; };
		84D83E81237E5EBA00B2D140 /* UIStyling.swift */ = {isa = PBXFileReference; fileEncoding = 4; lastKnownFileType = sourcecode.swift; path = UIStyling.swift; sourceTree = "<group>"; };
		84D83E83237E5EC500B2D140 /* CreateEventController.swift */ = {isa = PBXFileReference; fileEncoding = 4; lastKnownFileType = sourcecode.swift; path = CreateEventController.swift; sourceTree = "<group>"; };
		84D83E85237E5ED800B2D140 /* CreateEvent.storyboard */ = {isa = PBXFileReference; fileEncoding = 4; lastKnownFileType = file.storyboard; path = CreateEvent.storyboard; sourceTree = "<group>"; };
		9486624F2719ECB6A5B4548F /* Pods-Down?.release.xcconfig */ = {isa = PBXFileReference; includeInIndex = 1; lastKnownFileType = text.xcconfig; name = "Pods-Down?.release.xcconfig"; path = "Target Support Files/Pods-Down?/Pods-Down?.release.xcconfig"; sourceTree = "<group>"; };
/* End PBXFileReference section */

/* Begin PBXFrameworksBuildPhase section */
		8486A9BD2376269200ABB50B /* Frameworks */ = {
			isa = PBXFrameworksBuildPhase;
			buildActionMask = 2147483647;
			files = (
				90B68489A7FA15F06D3F15BB /* Pods_Down_.framework in Frameworks */,
			);
			runOnlyForDeploymentPostprocessing = 0;
		};
/* End PBXFrameworksBuildPhase section */

/* Begin PBXGroup section */
		845F4A85237E61E30054BC18 /* HomeFeed */ = {
			isa = PBXGroup;
			children = (
				845F4A86237E61E30054BC18 /* HomeFeed.storyboard */,
				845F4A87237E61E30054BC18 /* BottomMenuBar.swift */,
				845F4A88237E61E30054BC18 /* HomeViewController.swift */,
			);
			path = HomeFeed;
			sourceTree = "<group>";
		};
		845F4A8C237E61FC0054BC18 /* Login */ = {
			isa = PBXGroup;
			children = (
				095269A8237A5B6E00A21F35 /* NameView.swift */,
				095269AA237A5E6400A21F35 /* EmailView.swift */,
				09DD15D0237BF501002BE8C9 /* ResetView.swift */,
				095269A6237A430E00A21F35 /* LoginView.swift */,
				095269A4237A411300A21F35 /* FirstLoginView.swift */,
			);
			path = Login;
			sourceTree = "<group>";
		};
		845F4A8D237E62870054BC18 /* CreateEvent */ = {
			isa = PBXGroup;
			children = (
				84D83E81237E5EBA00B2D140 /* UIStyling.swift */,
				84D83E83237E5EC500B2D140 /* CreateEventController.swift */,
				84D83E85237E5ED800B2D140 /* CreateEvent.storyboard */,
			);
			path = CreateEvent;
			sourceTree = "<group>";
		};
		8486A9B72376269200ABB50B = {
			isa = PBXGroup;
			children = (
				8486A9C22376269200ABB50B /* Down? */,
				8486A9C12376269200ABB50B /* Products */,
				8B00000E85790EBCE976D0F0 /* Pods */,
				9CAF7CFDBF883424AF853242 /* Frameworks */,
			);
			sourceTree = "<group>";
		};
		8486A9C12376269200ABB50B /* Products */ = {
			isa = PBXGroup;
			children = (
				8486A9C02376269200ABB50B /* Down?.app */,
			);
			name = Products;
			sourceTree = "<group>";
		};
		8486A9C22376269200ABB50B /* Down? */ = {
			isa = PBXGroup;
			children = (
				845F4A8D237E62870054BC18 /* CreateEvent */,
				845F4A8C237E61FC0054BC18 /* Login */,
				845F4A85237E61E30054BC18 /* HomeFeed */,
				8486A9C52376269200ABB50B /* SceneDelegate.swift */,
				8486A9C72376269200ABB50B /* ViewController.swift */,
				8486A9C92376269200ABB50B /* Main.storyboard */,
				8486A9CC2376269400ABB50B /* Assets.xcassets */,
				8486A9C32376269200ABB50B /* AppDelegate.swift */,
				8486A9D12376269400ABB50B /* Info.plist */,
				846C10B9237B96D9001A4BDD /* GoogleService-Info.plist */,
				8486A9CE2376269400ABB50B /* LaunchScreen.storyboard */,
			);
			path = "Down?";
			sourceTree = "<group>";
		};
		8B00000E85790EBCE976D0F0 /* Pods */ = {
			isa = PBXGroup;
			children = (
				6F4BD3769F55183FE0DC25A5 /* Pods-Down?.debug.xcconfig */,
				9486624F2719ECB6A5B4548F /* Pods-Down?.release.xcconfig */,
			);
			path = Pods;
			sourceTree = "<group>";
		};
		9CAF7CFDBF883424AF853242 /* Frameworks */ = {
			isa = PBXGroup;
			children = (
				28FF674DFB0DE9169FFD342A /* Pods_Down_.framework */,
			);
			name = Frameworks;
			sourceTree = "<group>";
		};
/* End PBXGroup section */

/* Begin PBXNativeTarget section */
		8486A9BF2376269200ABB50B /* Down? */ = {
			isa = PBXNativeTarget;
			buildConfigurationList = 8486A9D42376269400ABB50B /* Build configuration list for PBXNativeTarget "Down?" */;
			buildPhases = (
				D22CD273602FDEA731CF1308 /* [CP] Check Pods Manifest.lock */,
				8486A9BC2376269200ABB50B /* Sources */,
				8486A9BD2376269200ABB50B /* Frameworks */,
				8486A9BE2376269200ABB50B /* Resources */,
				2400B1414576FBD6EFBE5117 /* [CP] Embed Pods Frameworks */,
			);
			buildRules = (
			);
			dependencies = (
			);
			name = "Down?";
			productName = "Down?";
			productReference = 8486A9C02376269200ABB50B /* Down?.app */;
			productType = "com.apple.product-type.application";
		};
/* End PBXNativeTarget section */

/* Begin PBXProject section */
		8486A9B82376269200ABB50B /* Project object */ = {
			isa = PBXProject;
			attributes = {
				LastSwiftUpdateCheck = 1120;
				LastUpgradeCheck = 1120;
				TargetAttributes = {
					8486A9BF2376269200ABB50B = {
						CreatedOnToolsVersion = 11.2.1;
					};
				};
			};
			buildConfigurationList = 8486A9BB2376269200ABB50B /* Build configuration list for PBXProject "Down?" */;
			compatibilityVersion = "Xcode 9.3";
			developmentRegion = en;
			hasScannedForEncodings = 0;
			knownRegions = (
				en,
				Base,
			);
			mainGroup = 8486A9B72376269200ABB50B;
			productRefGroup = 8486A9C12376269200ABB50B /* Products */;
			projectDirPath = "";
			projectRoot = "";
			targets = (
				8486A9BF2376269200ABB50B /* Down? */,
			);
		};
/* End PBXProject section */

/* Begin PBXResourcesBuildPhase section */
		8486A9BE2376269200ABB50B /* Resources */ = {
			isa = PBXResourcesBuildPhase;
			buildActionMask = 2147483647;
			files = (
				84D83E86237E5ED800B2D140 /* CreateEvent.storyboard in Resources */,
				845F4A89237E61E30054BC18 /* HomeFeed.storyboard in Resources */,
				8486A9D02376269400ABB50B /* LaunchScreen.storyboard in Resources */,
				846C10BA237B96D9001A4BDD /* GoogleService-Info.plist in Resources */,
				8486A9CD2376269400ABB50B /* Assets.xcassets in Resources */,
				8486A9CB2376269200ABB50B /* Main.storyboard in Resources */,
			);
			runOnlyForDeploymentPostprocessing = 0;
		};
/* End PBXResourcesBuildPhase section */

/* Begin PBXShellScriptBuildPhase section */
		2400B1414576FBD6EFBE5117 /* [CP] Embed Pods Frameworks */ = {
			isa = PBXShellScriptBuildPhase;
			buildActionMask = 2147483647;
			files = (
			);
			inputFileListPaths = (
				"${PODS_ROOT}/Target Support Files/Pods-Down?/Pods-Down?-frameworks-${CONFIGURATION}-input-files.xcfilelist",
			);
			name = "[CP] Embed Pods Frameworks";
			outputFileListPaths = (
				"${PODS_ROOT}/Target Support Files/Pods-Down?/Pods-Down?-frameworks-${CONFIGURATION}-output-files.xcfilelist",
			);
			runOnlyForDeploymentPostprocessing = 0;
			shellPath = /bin/sh;
			shellScript = "\"${PODS_ROOT}/Target Support Files/Pods-Down?/Pods-Down?-frameworks.sh\"\n";
			showEnvVarsInLog = 0;
		};
		D22CD273602FDEA731CF1308 /* [CP] Check Pods Manifest.lock */ = {
			isa = PBXShellScriptBuildPhase;
			buildActionMask = 2147483647;
			files = (
			);
			inputFileListPaths = (
			);
			inputPaths = (
				"${PODS_PODFILE_DIR_PATH}/Podfile.lock",
				"${PODS_ROOT}/Manifest.lock",
			);
			name = "[CP] Check Pods Manifest.lock";
			outputFileListPaths = (
			);
			outputPaths = (
				"$(DERIVED_FILE_DIR)/Pods-Down?-checkManifestLockResult.txt",
			);
			runOnlyForDeploymentPostprocessing = 0;
			shellPath = /bin/sh;
			shellScript = "diff \"${PODS_PODFILE_DIR_PATH}/Podfile.lock\" \"${PODS_ROOT}/Manifest.lock\" > /dev/null\nif [ $? != 0 ] ; then\n    # print error to STDERR\n    echo \"error: The sandbox is not in sync with the Podfile.lock. Run 'pod install' or update your CocoaPods installation.\" >&2\n    exit 1\nfi\n# This output is used by Xcode 'outputs' to avoid re-running this script phase.\necho \"SUCCESS\" > \"${SCRIPT_OUTPUT_FILE_0}\"\n";
			showEnvVarsInLog = 0;
		};
/* End PBXShellScriptBuildPhase section */

/* Begin PBXSourcesBuildPhase section */
		8486A9BC2376269200ABB50B /* Sources */ = {
			isa = PBXSourcesBuildPhase;
			buildActionMask = 2147483647;
			files = (
				84D83E84237E5EC500B2D140 /* CreateEventController.swift in Sources */,
				09DD15D1237BF501002BE8C9 /* ResetView.swift in Sources */,
				84D83E82237E5EBA00B2D140 /* UIStyling.swift in Sources */,
				8486A9C82376269200ABB50B /* ViewController.swift in Sources */,
				8486A9C42376269200ABB50B /* AppDelegate.swift in Sources */,
				095269A7237A430E00A21F35 /* LoginView.swift in Sources */,
				095269AB237A5E6400A21F35 /* EmailView.swift in Sources */,
				8486A9C62376269200ABB50B /* SceneDelegate.swift in Sources */,
				095269A5237A411300A21F35 /* FirstLoginView.swift in Sources */,
				095269A9237A5B6E00A21F35 /* NameView.swift in Sources */,
				845F4A8A237E61E30054BC18 /* BottomMenuBar.swift in Sources */,
				845F4A8B237E61E30054BC18 /* HomeViewController.swift in Sources */,
			);
			runOnlyForDeploymentPostprocessing = 0;
		};
/* End PBXSourcesBuildPhase section */

/* Begin PBXVariantGroup section */
		8486A9C92376269200ABB50B /* Main.storyboard */ = {
			isa = PBXVariantGroup;
			children = (
				8486A9CA2376269200ABB50B /* Base */,
			);
			name = Main.storyboard;
			sourceTree = "<group>";
		};
		8486A9CE2376269400ABB50B /* LaunchScreen.storyboard */ = {
			isa = PBXVariantGroup;
			children = (
				8486A9CF2376269400ABB50B /* Base */,
			);
			name = LaunchScreen.storyboard;
			sourceTree = "<group>";
		};
/* End PBXVariantGroup section */

/* Begin XCBuildConfiguration section */
		8486A9D22376269400ABB50B /* Debug */ = {
			isa = XCBuildConfiguration;
			buildSettings = {
				ALWAYS_SEARCH_USER_PATHS = NO;
				CLANG_ANALYZER_NONNULL = YES;
				CLANG_ANALYZER_NUMBER_OBJECT_CONVERSION = YES_AGGRESSIVE;
				CLANG_CXX_LANGUAGE_STANDARD = "gnu++14";
				CLANG_CXX_LIBRARY = "libc++";
				CLANG_ENABLE_MODULES = YES;
				CLANG_ENABLE_OBJC_ARC = YES;
				CLANG_ENABLE_OBJC_WEAK = YES;
				CLANG_WARN_BLOCK_CAPTURE_AUTORELEASING = YES;
				CLANG_WARN_BOOL_CONVERSION = YES;
				CLANG_WARN_COMMA = YES;
				CLANG_WARN_CONSTANT_CONVERSION = YES;
				CLANG_WARN_DEPRECATED_OBJC_IMPLEMENTATIONS = YES;
				CLANG_WARN_DIRECT_OBJC_ISA_USAGE = YES_ERROR;
				CLANG_WARN_DOCUMENTATION_COMMENTS = YES;
				CLANG_WARN_EMPTY_BODY = YES;
				CLANG_WARN_ENUM_CONVERSION = YES;
				CLANG_WARN_INFINITE_RECURSION = YES;
				CLANG_WARN_INT_CONVERSION = YES;
				CLANG_WARN_NON_LITERAL_NULL_CONVERSION = YES;
				CLANG_WARN_OBJC_IMPLICIT_RETAIN_SELF = YES;
				CLANG_WARN_OBJC_LITERAL_CONVERSION = YES;
				CLANG_WARN_OBJC_ROOT_CLASS = YES_ERROR;
				CLANG_WARN_RANGE_LOOP_ANALYSIS = YES;
				CLANG_WARN_STRICT_PROTOTYPES = YES;
				CLANG_WARN_SUSPICIOUS_MOVE = YES;
				CLANG_WARN_UNGUARDED_AVAILABILITY = YES_AGGRESSIVE;
				CLANG_WARN_UNREACHABLE_CODE = YES;
				CLANG_WARN__DUPLICATE_METHOD_MATCH = YES;
				COPY_PHASE_STRIP = NO;
				DEBUG_INFORMATION_FORMAT = dwarf;
				ENABLE_STRICT_OBJC_MSGSEND = YES;
				ENABLE_TESTABILITY = YES;
				GCC_C_LANGUAGE_STANDARD = gnu11;
				GCC_DYNAMIC_NO_PIC = NO;
				GCC_NO_COMMON_BLOCKS = YES;
				GCC_OPTIMIZATION_LEVEL = 0;
				GCC_PREPROCESSOR_DEFINITIONS = (
					"DEBUG=1",
					"$(inherited)",
				);
				GCC_WARN_64_TO_32_BIT_CONVERSION = YES;
				GCC_WARN_ABOUT_RETURN_TYPE = YES_ERROR;
				GCC_WARN_UNDECLARED_SELECTOR = YES;
				GCC_WARN_UNINITIALIZED_AUTOS = YES_AGGRESSIVE;
				GCC_WARN_UNUSED_FUNCTION = YES;
				GCC_WARN_UNUSED_VARIABLE = YES;
				IPHONEOS_DEPLOYMENT_TARGET = 13.2;
				MTL_ENABLE_DEBUG_INFO = INCLUDE_SOURCE;
				MTL_FAST_MATH = YES;
				ONLY_ACTIVE_ARCH = YES;
				SDKROOT = iphoneos;
				SWIFT_ACTIVE_COMPILATION_CONDITIONS = DEBUG;
				SWIFT_OPTIMIZATION_LEVEL = "-Onone";
			};
			name = Debug;
		};
		8486A9D32376269400ABB50B /* Release */ = {
			isa = XCBuildConfiguration;
			buildSettings = {
				ALWAYS_SEARCH_USER_PATHS = NO;
				CLANG_ANALYZER_NONNULL = YES;
				CLANG_ANALYZER_NUMBER_OBJECT_CONVERSION = YES_AGGRESSIVE;
				CLANG_CXX_LANGUAGE_STANDARD = "gnu++14";
				CLANG_CXX_LIBRARY = "libc++";
				CLANG_ENABLE_MODULES = YES;
				CLANG_ENABLE_OBJC_ARC = YES;
				CLANG_ENABLE_OBJC_WEAK = YES;
				CLANG_WARN_BLOCK_CAPTURE_AUTORELEASING = YES;
				CLANG_WARN_BOOL_CONVERSION = YES;
				CLANG_WARN_COMMA = YES;
				CLANG_WARN_CONSTANT_CONVERSION = YES;
				CLANG_WARN_DEPRECATED_OBJC_IMPLEMENTATIONS = YES;
				CLANG_WARN_DIRECT_OBJC_ISA_USAGE = YES_ERROR;
				CLANG_WARN_DOCUMENTATION_COMMENTS = YES;
				CLANG_WARN_EMPTY_BODY = YES;
				CLANG_WARN_ENUM_CONVERSION = YES;
				CLANG_WARN_INFINITE_RECURSION = YES;
				CLANG_WARN_INT_CONVERSION = YES;
				CLANG_WARN_NON_LITERAL_NULL_CONVERSION = YES;
				CLANG_WARN_OBJC_IMPLICIT_RETAIN_SELF = YES;
				CLANG_WARN_OBJC_LITERAL_CONVERSION = YES;
				CLANG_WARN_OBJC_ROOT_CLASS = YES_ERROR;
				CLANG_WARN_RANGE_LOOP_ANALYSIS = YES;
				CLANG_WARN_STRICT_PROTOTYPES = YES;
				CLANG_WARN_SUSPICIOUS_MOVE = YES;
				CLANG_WARN_UNGUARDED_AVAILABILITY = YES_AGGRESSIVE;
				CLANG_WARN_UNREACHABLE_CODE = YES;
				CLANG_WARN__DUPLICATE_METHOD_MATCH = YES;
				COPY_PHASE_STRIP = NO;
				DEBUG_INFORMATION_FORMAT = "dwarf-with-dsym";
				ENABLE_NS_ASSERTIONS = NO;
				ENABLE_STRICT_OBJC_MSGSEND = YES;
				GCC_C_LANGUAGE_STANDARD = gnu11;
				GCC_NO_COMMON_BLOCKS = YES;
				GCC_WARN_64_TO_32_BIT_CONVERSION = YES;
				GCC_WARN_ABOUT_RETURN_TYPE = YES_ERROR;
				GCC_WARN_UNDECLARED_SELECTOR = YES;
				GCC_WARN_UNINITIALIZED_AUTOS = YES_AGGRESSIVE;
				GCC_WARN_UNUSED_FUNCTION = YES;
				GCC_WARN_UNUSED_VARIABLE = YES;
				IPHONEOS_DEPLOYMENT_TARGET = 13.2;
				MTL_ENABLE_DEBUG_INFO = NO;
				MTL_FAST_MATH = YES;
				SDKROOT = iphoneos;
				SWIFT_COMPILATION_MODE = wholemodule;
				SWIFT_OPTIMIZATION_LEVEL = "-O";
				VALIDATE_PRODUCT = YES;
			};
			name = Release;
		};
		8486A9D52376269400ABB50B /* Debug */ = {
			isa = XCBuildConfiguration;
			baseConfigurationReference = 6F4BD3769F55183FE0DC25A5 /* Pods-Down?.debug.xcconfig */;
			buildSettings = {
				ASSETCATALOG_COMPILER_APPICON_NAME = AppIcon;
				CODE_SIGN_STYLE = Automatic;
				DEVELOPMENT_TEAM = 6WJ796BDL9;
				INFOPLIST_FILE = "Down?/Info.plist";
				LD_RUNPATH_SEARCH_PATHS = (
					"$(inherited)",
					"@executable_path/Frameworks",
				);
				PRODUCT_BUNDLE_IDENTIFIER = ECS189E.Down;
				PRODUCT_NAME = "$(TARGET_NAME)";
				SWIFT_VERSION = 5.0;
				TARGETED_DEVICE_FAMILY = "1,2";
			};
			name = Debug;
		};
		8486A9D62376269400ABB50B /* Release */ = {
			isa = XCBuildConfiguration;
			baseConfigurationReference = 9486624F2719ECB6A5B4548F /* Pods-Down?.release.xcconfig */;
			buildSettings = {
				ASSETCATALOG_COMPILER_APPICON_NAME = AppIcon;
				CODE_SIGN_STYLE = Automatic;
				DEVELOPMENT_TEAM = 6WJ796BDL9;
				INFOPLIST_FILE = "Down?/Info.plist";
				LD_RUNPATH_SEARCH_PATHS = (
					"$(inherited)",
					"@executable_path/Frameworks",
				);
				PRODUCT_BUNDLE_IDENTIFIER = ECS189E.Down;
				PRODUCT_NAME = "$(TARGET_NAME)";
				SWIFT_VERSION = 5.0;
				TARGETED_DEVICE_FAMILY = "1,2";
			};
			name = Release;
		};
/* End XCBuildConfiguration section */

/* Begin XCConfigurationList section */
		8486A9BB2376269200ABB50B /* Build configuration list for PBXProject "Down?" */ = {
			isa = XCConfigurationList;
			buildConfigurations = (
				8486A9D22376269400ABB50B /* Debug */,
				8486A9D32376269400ABB50B /* Release */,
			);
			defaultConfigurationIsVisible = 0;
			defaultConfigurationName = Release;
		};
		8486A9D42376269400ABB50B /* Build configuration list for PBXNativeTarget "Down?" */ = {
			isa = XCConfigurationList;
			buildConfigurations = (
				8486A9D52376269400ABB50B /* Debug */,
				8486A9D62376269400ABB50B /* Release */,
			);
			defaultConfigurationIsVisible = 0;
			defaultConfigurationName = Release;
		};
/* End XCConfigurationList section */
	};
	rootObject = 8486A9B82376269200ABB50B /* Project object */;
}
